
Microsoft Visual Studio Solution File, Format Version 12.00
# Visual Studio 15
VisualStudioVersion = 15.0.27703.2042
MinimumVisualStudioVersion = 10.0.40219.1
Project("{FAE04EC0-301F-11D3-BF4B-00C04F79EFBC}") = "FirstTestApp", "FirstTestApp\FirstTestApp.csproj", "{73F69FAB-1187-49EA-B1B8-7B97E300273F}"
EndProject
Global
	GlobalSection(SolutionConfigurationPlatforms) = preSolution
		Debug|Any CPU = Debug|Any CPU
		Release|Any CPU = Release|Any CPU
	EndGlobalSection
	GlobalSection(ProjectConfigurationPlatforms) = postSolution
		{73F69FAB-1187-49EA-B1B8-7B97E300273F}.Debug|Any CPU.ActiveCfg = Debug|Any CPU
		{73F69FAB-1187-49EA-B1B8-7B97E300273F}.Debug|Any CPU.Build.0 = Debug|Any CPU
		{73F69FAB-1187-49EA-B1B8-7B97E300273F}.Release|Any CPU.ActiveCfg = Release|Any CPU
		{73F69FAB-1187-49EA-B1B8-7B97E300273F}.Release|Any CPU.Build.0 = Release|Any CPU
	EndGlobalSection
	GlobalSection(SolutionProperties) = preSolution
		HideSolutionNode = FALSE
	EndGlobalSection
	GlobalSection(ExtensibilityGlobals) = postSolution
		SolutionGuid = {8BBB29B9-48C3-45FA-A6AA-29D27510EF9D}
	EndGlobalSection
EndGlobal
